
Microsoft Visual Studio Solution File, Format Version 12.00
# Visual Studio Version 17
VisualStudioVersion = 17.0.31919.166
MinimumVisualStudioVersion = 10.0.40219.1
Project("{FAE04EC0-301F-11D3-BF4B-00C04F79EFBC}") = "PrinterSourceGenerator", "PrinterSourceGenerator\PrinterSourceGenerator.csproj", "{45AE325E-2F1D-40D5-B84A-B86C0830A4FD}"
EndProject
Project("{FAE04EC0-301F-11D3-BF4B-00C04F79EFBC}") = "LightSourceGenerator.Common", "LightSourceGenerator.Common\LightSourceGenerator.Common.csproj", "{E7A09781-45E0-484E-8A61-A249BCC7E424}"
EndProject
Global
	GlobalSection(SolutionConfigurationPlatforms) = preSolution
		Debug|Any CPU = Debug|Any CPU
		Release|Any CPU = Release|Any CPU
	EndGlobalSection
	GlobalSection(ProjectConfigurationPlatforms) = postSolution
		{45AE325E-2F1D-40D5-B84A-B86C0830A4FD}.Debug|Any CPU.ActiveCfg = Debug|Any CPU
		{45AE325E-2F1D-40D5-B84A-B86C0830A4FD}.Debug|Any CPU.Build.0 = Debug|Any CPU
		{45AE325E-2F1D-40D5-B84A-B86C0830A4FD}.Release|Any CPU.ActiveCfg = Release|Any CPU
		{45AE325E-2F1D-40D5-B84A-B86C0830A4FD}.Release|Any CPU.Build.0 = Release|Any CPU
		{E7A09781-45E0-484E-8A61-A249BCC7E424}.Debug|Any CPU.ActiveCfg = Debug|Any CPU
		{E7A09781-45E0-484E-8A61-A249BCC7E424}.Debug|Any CPU.Build.0 = Debug|Any CPU
		{E7A09781-45E0-484E-8A61-A249BCC7E424}.Release|Any CPU.ActiveCfg = Release|Any CPU
		{E7A09781-45E0-484E-8A61-A249BCC7E424}.Release|Any CPU.Build.0 = Release|Any CPU
	EndGlobalSection
	GlobalSection(SolutionProperties) = preSolution
		HideSolutionNode = FALSE
	EndGlobalSection
	GlobalSection(ExtensibilityGlobals) = postSolution
		SolutionGuid = {0FDD69B5-B06E-4FD3-A9E4-CCA7F436212E}
	EndGlobalSection
EndGlobal
